
Microsoft Visual Studio Solution File, Format Version 12.00
# Visual Studio Version 17
VisualStudioVersion = 17.9.34902.65
MinimumVisualStudioVersion = 10.0.40219.1
Project("{FAE04EC0-301F-11D3-BF4B-00C04F79EFBC}") = "353505_Хорошко_Lab4", "353505_Хорошко_Lab4.csproj", "{DAD53427-B1AA-453C-8695-9E4A3449434E}"
EndProject
Global
	GlobalSection(SolutionConfigurationPlatforms) = preSolution
		Debug|Any CPU = Debug|Any CPU
		Release|Any CPU = Release|Any CPU
	EndGlobalSection
	GlobalSection(ProjectConfigurationPlatforms) = postSolution
		{DAD53427-B1AA-453C-8695-9E4A3449434E}.Debug|Any CPU.ActiveCfg = Debug|Any CPU
		{DAD53427-B1AA-453C-8695-9E4A3449434E}.Debug|Any CPU.Build.0 = Debug|Any CPU
		{DAD53427-B1AA-453C-8695-9E4A3449434E}.Release|Any CPU.ActiveCfg = Release|Any CPU
		{DAD53427-B1AA-453C-8695-9E4A3449434E}.Release|Any CPU.Build.0 = Release|Any CPU
	EndGlobalSection
	GlobalSection(SolutionProperties) = preSolution
		HideSolutionNode = FALSE
	EndGlobalSection
	GlobalSection(ExtensibilityGlobals) = postSolution
		SolutionGuid = {AD097B28-448F-4501-9B30-290AD6BF433B}
	EndGlobalSection
EndGlobal
