
Microsoft Visual Studio Solution File, Format Version 12.00
# Visual Studio Version 17
VisualStudioVersion = 17.9.34902.65
MinimumVisualStudioVersion = 10.0.40219.1
Project("{FAE04EC0-301F-11D3-BF4B-00C04F79EFBC}") = "Хорошко_353505_Lab6", "Хорошко_353505_Lab6.csproj", "{05428A2A-FA70-4B16-A6F5-ED7F472FD343}"
EndProject
Project("{FAE04EC0-301F-11D3-BF4B-00C04F79EFBC}") = "ClassLibrary", "..\ClassLibrary\ClassLibrary.csproj", "{1692F364-5065-4983-81EE-B593E51C455C}"
EndProject
Global
	GlobalSection(SolutionConfigurationPlatforms) = preSolution
		Debug|Any CPU = Debug|Any CPU
		Release|Any CPU = Release|Any CPU
	EndGlobalSection
	GlobalSection(ProjectConfigurationPlatforms) = postSolution
		{05428A2A-FA70-4B16-A6F5-ED7F472FD343}.Debug|Any CPU.ActiveCfg = Debug|Any CPU
		{05428A2A-FA70-4B16-A6F5-ED7F472FD343}.Debug|Any CPU.Build.0 = Debug|Any CPU
		{05428A2A-FA70-4B16-A6F5-ED7F472FD343}.Release|Any CPU.ActiveCfg = Release|Any CPU
		{05428A2A-FA70-4B16-A6F5-ED7F472FD343}.Release|Any CPU.Build.0 = Release|Any CPU
		{1692F364-5065-4983-81EE-B593E51C455C}.Debug|Any CPU.ActiveCfg = Debug|Any CPU
		{1692F364-5065-4983-81EE-B593E51C455C}.Debug|Any CPU.Build.0 = Debug|Any CPU
		{1692F364-5065-4983-81EE-B593E51C455C}.Release|Any CPU.ActiveCfg = Release|Any CPU
		{1692F364-5065-4983-81EE-B593E51C455C}.Release|Any CPU.Build.0 = Release|Any CPU
	EndGlobalSection
	GlobalSection(SolutionProperties) = preSolution
		HideSolutionNode = FALSE
	EndGlobalSection
	GlobalSection(ExtensibilityGlobals) = postSolution
		SolutionGuid = {D7F7DACE-28ED-436C-BDF1-53446CEDD66C}
	EndGlobalSection
EndGlobal
